// !$*UTF8*$!
{
	archiveVersion = 1;
	classes = {
	};
	objectVersion = 77;
	objects = {

/* Begin PBXBuildFile section */
		B9167C202EF2913800E2DBFC /* FirebaseAnalytics in Frameworks */ = {isa = PBXBuildFile; productRef = B9167C1F2EF2913800E2DBFC /* FirebaseAnalytics */; };
		B9167C222EF2913800E2DBFC /* FirebaseFirestore in Frameworks */ = {isa = PBXBuildFile; productRef = B9167C212EF2913800E2DBFC /* FirebaseFirestore */; };
		B9167C332EF8A92500E2DBFC /* venues.json in Resources */ = {isa = PBXBuildFile; fileRef = B9167C312EF89DBB00E2DBFC /* venues.json */; };
		B9E5C6572EF95E39005FA51F /* FavoritesManager.swift in Sources */ = {isa = PBXBuildFile; fileRef = B9E5C6492EF95E39005FA51F /* FavoritesManager.swift */; };
		B9E5C6582EF95E39005FA51F /* VenueDetailView.swift in Sources */ = {isa = PBXBuildFile; fileRef = B9E5C6542EF95E39005FA51F /* VenueDetailView.swift */; };
		B9E5C6592EF95E39005FA51F /* NightPulseView.swift in Sources */ = {isa = PBXBuildFile; fileRef = B9E5C64E2EF95E39005FA51F /* NightPulseView.swift */; };
		B9E5C65A2EF95E39005FA51F /* VenueCard.swift in Sources */ = {isa = PBXBuildFile; fileRef = B9E5C6532EF95E39005FA51F /* VenueCard.swift */; };
		B9E5C65B2EF95E39005FA51F /* NoctoTheme.swift in Sources */ = {isa = PBXBuildFile; fileRef = B9E5C6512EF95E39005FA51F /* NoctoTheme.swift */; };
		B9E5C65C2EF95E39005FA51F /* AllVenuesMapView.swift in Sources */ = {isa = PBXBuildFile; fileRef = B9E5C6462EF95E39005FA51F /* AllVenuesMapView.swift */; };
		B9E5C65D2EF95E39005FA51F /* ContentView.swift in Sources */ = {isa = PBXBuildFile; fileRef = B9E5C6482EF95E39005FA51F /* ContentView.swift */; };
		B9E5C65E2EF95E39005FA51F /* HomeView.swift in Sources */ = {isa = PBXBuildFile; fileRef = B9E5C64C2EF95E39005FA51F /* HomeView.swift */; };
		B9E5C65F2EF95E39005FA51F /* FavoritesView.swift in Sources */ = {isa = PBXBuildFile; fileRef = B9E5C64A2EF95E39005FA51F /* FavoritesView.swift */; };
		B9E5C6602EF95E39005FA51F /* AdminDashboardView.swift in Sources */ = {isa = PBXBuildFile; fileRef = B9E5C6452EF95E39005FA51F /* AdminDashboardView.swift */; };
		B9E5C6612EF95E39005FA51F /* NOCTOApp.swift in Sources */ = {isa = PBXBuildFile; fileRef = B9E5C64F2EF95E39005FA51F /* NOCTOApp.swift */; };
		B9E5C6622EF95E39005FA51F /* VenueRepository.swift in Sources */ = {isa = PBXBuildFile; fileRef = B9E5C6552EF95E39005FA51F /* VenueRepository.swift */; };
		B9E5C6632EF95E39005FA51F /* Venue.swift in Sources */ = {isa = PBXBuildFile; fileRef = B9E5C6522EF95E39005FA51F /* Venue.swift */; };
		B9E5C6642EF95E39005FA51F /* LocationManager.swift in Sources */ = {isa = PBXBuildFile; fileRef = B9E5C64D2EF95E39005FA51F /* LocationManager.swift */; };
		B9E5C6662EF95E39005FA51F /* GoogleService-Info.plist in Resources */ = {isa = PBXBuildFile; fileRef = B9E5C64B2EF95E39005FA51F /* GoogleService-Info.plist */; };
		B9E5C6672EF95E39005FA51F /* Assets.xcassets in Resources */ = {isa = PBXBuildFile; fileRef = B9E5C6472EF95E39005FA51F /* Assets.xcassets */; };
		B9E5C6692EF9703A005FA51F /* BlurView.swift in Sources */ = {isa = PBXBuildFile; fileRef = B9E5C6682EF9700E005FA51F /* BlurView.swift */; };
		B9E5C66B2EF970D7005FA51F /* MicroFeedback.swift in Sources */ = {isa = PBXBuildFile; fileRef = B9E5C66A2EF970BD005FA51F /* MicroFeedback.swift */; };
		B9E5C66D2EF97782005FA51F /* ParallaxCard.swift in Sources */ = {isa = PBXBuildFile; fileRef = B9E5C66C2EF97778005FA51F /* ParallaxCard.swift */; };
		B9E5C66F2EF97A8E005FA51F /* HeroParallaxCard.swift in Sources */ = {isa = PBXBuildFile; fileRef = B9E5C66E2EF97A7A005FA51F /* HeroParallaxCard.swift */; };
		B9E5C6712EFC7022005FA51F /* Color+Hex.swift in Sources */ = {isa = PBXBuildFile; fileRef = B9E5C6702EFC7017005FA51F /* Color+Hex.swift */; };
		B9E5C6732EFC8C43005FA51F /* Haptics.swift in Sources */ = {isa = PBXBuildFile; fileRef = B9E5C6722EFC8C3E005FA51F /* Haptics.swift */; };
/* End PBXBuildFile section */

/* Begin PBXFileReference section */
		B9167C312EF89DBB00E2DBFC /* venues.json */ = {isa = PBXFileReference; lastKnownFileType = text.json; path = venues.json; sourceTree = "<group>"; };
		B9481C462EEB858500B13953 /* NOCTO.app */ = {isa = PBXFileReference; explicitFileType = wrapper.application; includeInIndex = 0; path = NOCTO.app; sourceTree = BUILT_PRODUCTS_DIR; };
		B9E5C6452EF95E39005FA51F /* AdminDashboardView.swift */ = {isa = PBXFileReference; lastKnownFileType = sourcecode.swift; path = AdminDashboardView.swift; sourceTree = "<group>"; };
		B9E5C6462EF95E39005FA51F /* AllVenuesMapView.swift */ = {isa = PBXFileReference; lastKnownFileType = sourcecode.swift; path = AllVenuesMapView.swift; sourceTree = "<group>"; };
		B9E5C6472EF95E39005FA51F /* Assets.xcassets */ = {isa = PBXFileReference; lastKnownFileType = folder.assetcatalog; path = Assets.xcassets; sourceTree = "<group>"; };
		B9E5C6482EF95E39005FA51F /* ContentView.swift */ = {isa = PBXFileReference; lastKnownFileType = sourcecode.swift; path = ContentView.swift; sourceTree = "<group>"; };
		B9E5C6492EF95E39005FA51F /* FavoritesManager.swift */ = {isa = PBXFileReference; lastKnownFileType = sourcecode.swift; path = FavoritesManager.swift; sourceTree = "<group>"; };
		B9E5C64A2EF95E39005FA51F /* FavoritesView.swift */ = {isa = PBXFileReference; lastKnownFileType = sourcecode.swift; path = FavoritesView.swift; sourceTree = "<group>"; };
		B9E5C64B2EF95E39005FA51F /* GoogleService-Info.plist */ = {isa = PBXFileReference; lastKnownFileType = text.plist.xml; path = "GoogleService-Info.plist"; sourceTree = "<group>"; };
		B9E5C64C2EF95E39005FA51F /* HomeView.swift */ = {isa = PBXFileReference; lastKnownFileType = sourcecode.swift; path = HomeView.swift; sourceTree = "<group>"; };
		B9E5C64D2EF95E39005FA51F /* LocationManager.swift */ = {isa = PBXFileReference; lastKnownFileType = sourcecode.swift; path = LocationManager.swift; sourceTree = "<group>"; };
		B9E5C64E2EF95E39005FA51F /* NightPulseView.swift */ = {isa = PBXFileReference; lastKnownFileType = sourcecode.swift; path = NightPulseView.swift; sourceTree = "<group>"; };
		B9E5C64F2EF95E39005FA51F /* NOCTOApp.swift */ = {isa = PBXFileReference; lastKnownFileType = sourcecode.swift; path = NOCTOApp.swift; sourceTree = "<group>"; };
		B9E5C6512EF95E39005FA51F /* NoctoTheme.swift */ = {isa = PBXFileReference; lastKnownFileType = sourcecode.swift; path = NoctoTheme.swift; sourceTree = "<group>"; };
		B9E5C6522EF95E39005FA51F /* Venue.swift */ = {isa = PBXFileReference; lastKnownFileType = sourcecode.swift; path = Venue.swift; sourceTree = "<group>"; };
		B9E5C6532EF95E39005FA51F /* VenueCard.swift */ = {isa = PBXFileReference; lastKnownFileType = sourcecode.swift; path = VenueCard.swift; sourceTree = "<group>"; };
		B9E5C6542EF95E39005FA51F /* VenueDetailView.swift */ = {isa = PBXFileReference; lastKnownFileType = sourcecode.swift; path = VenueDetailView.swift; sourceTree = "<group>"; };
		B9E5C6552EF95E39005FA51F /* VenueRepository.swift */ = {isa = PBXFileReference; lastKnownFileType = sourcecode.swift; path = VenueRepository.swift; sourceTree = "<group>"; };
		B9E5C6682EF9700E005FA51F /* BlurView.swift */ = {isa = PBXFileReference; lastKnownFileType = sourcecode.swift; path = BlurView.swift; sourceTree = "<group>"; };
		B9E5C66A2EF970BD005FA51F /* MicroFeedback.swift */ = {isa = PBXFileReference; lastKnownFileType = sourcecode.swift; path = MicroFeedback.swift; sourceTree = "<group>"; };
		B9E5C66C2EF97778005FA51F /* ParallaxCard.swift */ = {isa = PBXFileReference; lastKnownFileType = sourcecode.swift; path = ParallaxCard.swift; sourceTree = "<group>"; };
		B9E5C66E2EF97A7A005FA51F /* HeroParallaxCard.swift */ = {isa = PBXFileReference; lastKnownFileType = sourcecode.swift; path = HeroParallaxCard.swift; sourceTree = "<group>"; };
		B9E5C6702EFC7017005FA51F /* Color+Hex.swift */ = {isa = PBXFileReference; lastKnownFileType = sourcecode.swift; path = "Color+Hex.swift"; sourceTree = "<group>"; };
		B9E5C6722EFC8C3E005FA51F /* Haptics.swift */ = {isa = PBXFileReference; lastKnownFileType = sourcecode.swift; path = Haptics.swift; sourceTree = "<group>"; };
/* End PBXFileReference section */

/* Begin PBXFrameworksBuildPhase section */
		B9481C432EEB858500B13953 /* Frameworks */ = {
			isa = PBXFrameworksBuildPhase;
			buildActionMask = 2147483647;
			files = (
				B9167C202EF2913800E2DBFC /* FirebaseAnalytics in Frameworks */,
				B9167C222EF2913800E2DBFC /* FirebaseFirestore in Frameworks */,
			);
			runOnlyForDeploymentPostprocessing = 0;
		};
/* End PBXFrameworksBuildPhase section */

/* Begin PBXGroup section */
		B9481C3D2EEB858500B13953 = {
			isa = PBXGroup;
			children = (
				B9E5C6562EF95E39005FA51F /* NOCTO */,
				B9167C312EF89DBB00E2DBFC /* venues.json */,
				B9481C472EEB858500B13953 /* Products */,
			);
			sourceTree = "<group>";
		};
		B9481C472EEB858500B13953 /* Products */ = {
			isa = PBXGroup;
			children = (
				B9481C462EEB858500B13953 /* NOCTO.app */,
			);
			name = Products;
			sourceTree = "<group>";
		};
		B9E5C6562EF95E39005FA51F /* NOCTO */ = {
			isa = PBXGroup;
			children = (
				B9E5C6722EFC8C3E005FA51F /* Haptics.swift */,
				B9E5C6702EFC7017005FA51F /* Color+Hex.swift */,
				B9E5C66E2EF97A7A005FA51F /* HeroParallaxCard.swift */,
				B9E5C66C2EF97778005FA51F /* ParallaxCard.swift */,
				B9E5C66A2EF970BD005FA51F /* MicroFeedback.swift */,
				B9E5C6682EF9700E005FA51F /* BlurView.swift */,
				B9E5C6452EF95E39005FA51F /* AdminDashboardView.swift */,
				B9E5C6462EF95E39005FA51F /* AllVenuesMapView.swift */,
				B9E5C6472EF95E39005FA51F /* Assets.xcassets */,
				B9E5C6482EF95E39005FA51F /* ContentView.swift */,
				B9E5C6492EF95E39005FA51F /* FavoritesManager.swift */,
				B9E5C64A2EF95E39005FA51F /* FavoritesView.swift */,
				B9E5C64B2EF95E39005FA51F /* GoogleService-Info.plist */,
				B9E5C64C2EF95E39005FA51F /* HomeView.swift */,
				B9E5C64D2EF95E39005FA51F /* LocationManager.swift */,
				B9E5C64E2EF95E39005FA51F /* NightPulseView.swift */,
				B9E5C64F2EF95E39005FA51F /* NOCTOApp.swift */,
				B9E5C6512EF95E39005FA51F /* NoctoTheme.swift */,
				B9E5C6522EF95E39005FA51F /* Venue.swift */,
				B9E5C6532EF95E39005FA51F /* VenueCard.swift */,
				B9E5C6542EF95E39005FA51F /* VenueDetailView.swift */,
				B9E5C6552EF95E39005FA51F /* VenueRepository.swift */,
			);
			path = NOCTO;
			sourceTree = "<group>";
		};
/* End PBXGroup section */

/* Begin PBXNativeTarget section */
		B9481C452EEB858500B13953 /* NOCTO */ = {
			isa = PBXNativeTarget;
			buildConfigurationList = B9481C512EEB858600B13953 /* Build configuration list for PBXNativeTarget "NOCTO" */;
			buildPhases = (
				B9481C422EEB858500B13953 /* Sources */,
				B9481C432EEB858500B13953 /* Frameworks */,
				B9481C442EEB858500B13953 /* Resources */,
			);
			buildRules = (
			);
			dependencies = (
			);
			name = NOCTO;
			packageProductDependencies = (
				B9167C1F2EF2913800E2DBFC /* FirebaseAnalytics */,
				B9167C212EF2913800E2DBFC /* FirebaseFirestore */,
			);
			productName = NOCTO;
			productReference = B9481C462EEB858500B13953 /* NOCTO.app */;
			productType = "com.apple.product-type.application";
		};
/* End PBXNativeTarget section */

/* Begin PBXProject section */
		B9481C3E2EEB858500B13953 /* Project object */ = {
			isa = PBXProject;
			attributes = {
				BuildIndependentTargetsInParallel = 1;
				LastSwiftUpdateCheck = 2610;
				LastUpgradeCheck = 2610;
				TargetAttributes = {
					B9481C452EEB858500B13953 = {
						CreatedOnToolsVersion = 26.1.1;
					};
				};
			};
			buildConfigurationList = B9481C412EEB858500B13953 /* Build configuration list for PBXProject "NOCTO" */;
			developmentRegion = en;
			hasScannedForEncodings = 0;
			knownRegions = (
				en,
				Base,
			);
			mainGroup = B9481C3D2EEB858500B13953;
			minimizedProjectReferenceProxies = 1;
			packageReferences = (
				B9167C1E2EF2913800E2DBFC /* XCRemoteSwiftPackageReference "firebase-ios-sdk" */,
			);
			preferredProjectObjectVersion = 77;
			productRefGroup = B9481C472EEB858500B13953 /* Products */;
			projectDirPath = "";
			projectRoot = "";
			targets = (
				B9481C452EEB858500B13953 /* NOCTO */,
			);
		};
/* End PBXProject section */

/* Begin PBXResourcesBuildPhase section */
		B9481C442EEB858500B13953 /* Resources */ = {
			isa = PBXResourcesBuildPhase;
			buildActionMask = 2147483647;
			files = (
				B9167C332EF8A92500E2DBFC /* venues.json in Resources */,
				B9E5C6662EF95E39005FA51F /* GoogleService-Info.plist in Resources */,
				B9E5C6672EF95E39005FA51F /* Assets.xcassets in Resources */,
			);
			runOnlyForDeploymentPostprocessing = 0;
		};
/* End PBXResourcesBuildPhase section */

/* Begin PBXSourcesBuildPhase section */
		B9481C422EEB858500B13953 /* Sources */ = {
			isa = PBXSourcesBuildPhase;
			buildActionMask = 2147483647;
			files = (
				B9E5C6732EFC8C43005FA51F /* Haptics.swift in Sources */,
				B9E5C6572EF95E39005FA51F /* FavoritesManager.swift in Sources */,
				B9E5C6582EF95E39005FA51F /* VenueDetailView.swift in Sources */,
				B9E5C6592EF95E39005FA51F /* NightPulseView.swift in Sources */,
				B9E5C66B2EF970D7005FA51F /* MicroFeedback.swift in Sources */,
				B9E5C6712EFC7022005FA51F /* Color+Hex.swift in Sources */,
				B9E5C66F2EF97A8E005FA51F /* HeroParallaxCard.swift in Sources */,
				B9E5C65A2EF95E39005FA51F /* VenueCard.swift in Sources */,
				B9E5C65B2EF95E39005FA51F /* NoctoTheme.swift in Sources */,
				B9E5C65C2EF95E39005FA51F /* AllVenuesMapView.swift in Sources */,
				B9E5C65D2EF95E39005FA51F /* ContentView.swift in Sources */,
				B9E5C65E2EF95E39005FA51F /* HomeView.swift in Sources */,
				B9E5C66D2EF97782005FA51F /* ParallaxCard.swift in Sources */,
				B9E5C6692EF9703A005FA51F /* BlurView.swift in Sources */,
				B9E5C65F2EF95E39005FA51F /* FavoritesView.swift in Sources */,
				B9E5C6602EF95E39005FA51F /* AdminDashboardView.swift in Sources */,
				B9E5C6612EF95E39005FA51F /* NOCTOApp.swift in Sources */,
				B9E5C6622EF95E39005FA51F /* VenueRepository.swift in Sources */,
				B9E5C6632EF95E39005FA51F /* Venue.swift in Sources */,
				B9E5C6642EF95E39005FA51F /* LocationManager.swift in Sources */,
			);
			runOnlyForDeploymentPostprocessing = 0;
		};
/* End PBXSourcesBuildPhase section */

/* Begin XCBuildConfiguration section */
		B9481C4F2EEB858600B13953 /* Debug */ = {
			isa = XCBuildConfiguration;
			buildSettings = {
				ALWAYS_SEARCH_USER_PATHS = NO;
				ASSETCATALOG_COMPILER_GENERATE_SWIFT_ASSET_SYMBOL_EXTENSIONS = YES;
				CLANG_ANALYZER_NONNULL = YES;
				CLANG_ANALYZER_NUMBER_OBJECT_CONVERSION = YES_AGGRESSIVE;
				CLANG_CXX_LANGUAGE_STANDARD = "gnu++20";
				CLANG_ENABLE_MODULES = YES;
				CLANG_ENABLE_OBJC_ARC = YES;
				CLANG_ENABLE_OBJC_WEAK = YES;
				CLANG_WARN_BLOCK_CAPTURE_AUTORELEASING = YES;
				CLANG_WARN_BOOL_CONVERSION = YES;
				CLANG_WARN_COMMA = YES;
				CLANG_WARN_CONSTANT_CONVERSION = YES;
				CLANG_WARN_DEPRECATED_OBJC_IMPLEMENTATIONS = YES;
				CLANG_WARN_DIRECT_OBJC_ISA_USAGE = YES_ERROR;
				CLANG_WARN_DOCUMENTATION_COMMENTS = YES;
				CLANG_WARN_EMPTY_BODY = YES;
				CLANG_WARN_ENUM_CONVERSION = YES;
				CLANG_WARN_INFINITE_RECURSION = YES;
				CLANG_WARN_INT_CONVERSION = YES;
				CLANG_WARN_NON_LITERAL_NULL_CONVERSION = YES;
				CLANG_WARN_OBJC_IMPLICIT_RETAIN_SELF = YES;
				CLANG_WARN_OBJC_LITERAL_CONVERSION = YES;
				CLANG_WARN_OBJC_ROOT_CLASS = YES_ERROR;
				CLANG_WARN_QUOTED_INCLUDE_IN_FRAMEWORK_HEADER = YES;
				CLANG_WARN_RANGE_LOOP_ANALYSIS = YES;
				CLANG_WARN_STRICT_PROTOTYPES = YES;
				CLANG_WARN_SUSPICIOUS_MOVE = YES;
				CLANG_WARN_UNGUARDED_AVAILABILITY = YES_AGGRESSIVE;
				CLANG_WARN_UNREACHABLE_CODE = YES;
				CLANG_WARN__DUPLICATE_METHOD_MATCH = YES;
				COPY_PHASE_STRIP = NO;
				DEBUG_INFORMATION_FORMAT = dwarf;
				DEVELOPMENT_TEAM = MF59QXM85L;
				ENABLE_STRICT_OBJC_MSGSEND = YES;
				ENABLE_TESTABILITY = YES;
				ENABLE_USER_SCRIPT_SANDBOXING = YES;
				GCC_C_LANGUAGE_STANDARD = gnu17;
				GCC_DYNAMIC_NO_PIC = NO;
				GCC_NO_COMMON_BLOCKS = YES;
				GCC_OPTIMIZATION_LEVEL = 0;
				GCC_PREPROCESSOR_DEFINITIONS = (
					"DEBUG=1",
					"$(inherited)",
				);
				GCC_WARN_64_TO_32_BIT_CONVERSION = YES;
				GCC_WARN_ABOUT_RETURN_TYPE = YES_ERROR;
				GCC_WARN_UNDECLARED_SELECTOR = YES;
				GCC_WARN_UNINITIALIZED_AUTOS = YES_AGGRESSIVE;
				GCC_WARN_UNUSED_FUNCTION = YES;
				GCC_WARN_UNUSED_VARIABLE = YES;
				IPHONEOS_DEPLOYMENT_TARGET = 17.0;
				LOCALIZATION_PREFERS_STRING_CATALOGS = YES;
				MTL_ENABLE_DEBUG_INFO = INCLUDE_SOURCE;
				MTL_FAST_MATH = YES;
				ONLY_ACTIVE_ARCH = YES;
				SDKROOT = iphoneos;
				SWIFT_ACTIVE_COMPILATION_CONDITIONS = "DEBUG $(inherited)";
				SWIFT_OPTIMIZATION_LEVEL = "-Onone";
			};
			name = Debug;
		};
		B9481C502EEB858600B13953 /* Release */ = {
			isa = XCBuildConfiguration;
			buildSettings = {
				ALWAYS_SEARCH_USER_PATHS = NO;
				ASSETCATALOG_COMPILER_GENERATE_SWIFT_ASSET_SYMBOL_EXTENSIONS = YES;
				CLANG_ANALYZER_NONNULL = YES;
				CLANG_ANALYZER_NUMBER_OBJECT_CONVERSION = YES_AGGRESSIVE;
				CLANG_CXX_LANGUAGE_STANDARD = "gnu++20";
				CLANG_ENABLE_MODULES = YES;
				CLANG_ENABLE_OBJC_ARC = YES;
				CLANG_ENABLE_OBJC_WEAK = YES;
				CLANG_WARN_BLOCK_CAPTURE_AUTORELEASING = YES;
				CLANG_WARN_BOOL_CONVERSION = YES;
				CLANG_WARN_COMMA = YES;
				CLANG_WARN_CONSTANT_CONVERSION = YES;
				CLANG_WARN_DEPRECATED_OBJC_IMPLEMENTATIONS = YES;
				CLANG_WARN_DIRECT_OBJC_ISA_USAGE = YES_ERROR;
				CLANG_WARN_DOCUMENTATION_COMMENTS = YES;
				CLANG_WARN_EMPTY_BODY = YES;
				CLANG_WARN_ENUM_CONVERSION = YES;
				CLANG_WARN_INFINITE_RECURSION = YES;
				CLANG_WARN_INT_CONVERSION = YES;
				CLANG_WARN_NON_LITERAL_NULL_CONVERSION = YES;
				CLANG_WARN_OBJC_IMPLICIT_RETAIN_SELF = YES;
				CLANG_WARN_OBJC_LITERAL_CONVERSION = YES;
				CLANG_WARN_OBJC_ROOT_CLASS = YES_ERROR;
				CLANG_WARN_QUOTED_INCLUDE_IN_FRAMEWORK_HEADER = YES;
				CLANG_WARN_RANGE_LOOP_ANALYSIS = YES;
				CLANG_WARN_STRICT_PROTOTYPES = YES;
				CLANG_WARN_SUSPICIOUS_MOVE = YES;
				CLANG_WARN_UNGUARDED_AVAILABILITY = YES_AGGRESSIVE;
				CLANG_WARN_UNREACHABLE_CODE = YES;
				CLANG_WARN__DUPLICATE_METHOD_MATCH = YES;
				COPY_PHASE_STRIP = NO;
				DEBUG_INFORMATION_FORMAT = "dwarf-with-dsym";
				DEVELOPMENT_TEAM = MF59QXM85L;
				ENABLE_NS_ASSERTIONS = NO;
				ENABLE_STRICT_OBJC_MSGSEND = YES;
				ENABLE_USER_SCRIPT_SANDBOXING = YES;
				GCC_C_LANGUAGE_STANDARD = gnu17;
				GCC_NO_COMMON_BLOCKS = YES;
				GCC_WARN_64_TO_32_BIT_CONVERSION = YES;
				GCC_WARN_ABOUT_RETURN_TYPE = YES_ERROR;
				GCC_WARN_UNDECLARED_SELECTOR = YES;
				GCC_WARN_UNINITIALIZED_AUTOS = YES_AGGRESSIVE;
				GCC_WARN_UNUSED_FUNCTION = YES;
				GCC_WARN_UNUSED_VARIABLE = YES;
				IPHONEOS_DEPLOYMENT_TARGET = 17.0;
				LOCALIZATION_PREFERS_STRING_CATALOGS = YES;
				MTL_ENABLE_DEBUG_INFO = NO;
				MTL_FAST_MATH = YES;
				SDKROOT = iphoneos;
				SWIFT_COMPILATION_MODE = wholemodule;
				VALIDATE_PRODUCT = YES;
			};
			name = Release;
		};
		B9481C522EEB858600B13953 /* Debug */ = {
			isa = XCBuildConfiguration;
			buildSettings = {
				ASSETCATALOG_COMPILER_APPICON_NAME = AppIcon;
				ASSETCATALOG_COMPILER_GLOBAL_ACCENT_COLOR_NAME = AccentColor;
				CODE_SIGN_STYLE = Automatic;
				CURRENT_PROJECT_VERSION = 1;
				DEVELOPMENT_TEAM = MF59QXM85L;
				ENABLE_PREVIEWS = YES;
				GENERATE_INFOPLIST_FILE = YES;
				INFOPLIST_KEY_UIApplicationSceneManifest_Generation = YES;
				INFOPLIST_KEY_UIApplicationSupportsIndirectInputEvents = YES;
				INFOPLIST_KEY_UILaunchScreen_Generation = YES;
				INFOPLIST_KEY_UISupportedInterfaceOrientations_iPad = "UIInterfaceOrientationPortrait UIInterfaceOrientationPortraitUpsideDown UIInterfaceOrientationLandscapeLeft UIInterfaceOrientationLandscapeRight";
				INFOPLIST_KEY_UISupportedInterfaceOrientations_iPhone = "UIInterfaceOrientationPortrait UIInterfaceOrientationLandscapeLeft UIInterfaceOrientationLandscapeRight";
				LD_RUNPATH_SEARCH_PATHS = (
					"$(inherited)",
					"@executable_path/Frameworks",
				);
				MARKETING_VERSION = 1.0;
				PRODUCT_BUNDLE_IDENTIFIER = com.mario.NOCTO;
				PRODUCT_NAME = "$(TARGET_NAME)";
				STRING_CATALOG_GENERATE_SYMBOLS = YES;
				SWIFT_APPROACHABLE_CONCURRENCY = YES;
				SWIFT_DEFAULT_ACTOR_ISOLATION = MainActor;
				SWIFT_EMIT_LOC_STRINGS = YES;
				SWIFT_UPCOMING_FEATURE_MEMBER_IMPORT_VISIBILITY = YES;
				SWIFT_VERSION = 5.0;
				TARGETED_DEVICE_FAMILY = "1,2";
			};
			name = Debug;
		};
		B9481C532EEB858600B13953 /* Release */ = {
			isa = XCBuildConfiguration;
			buildSettings = {
				ASSETCATALOG_COMPILER_APPICON_NAME = AppIcon;
				ASSETCATALOG_COMPILER_GLOBAL_ACCENT_COLOR_NAME = AccentColor;
				CODE_SIGN_STYLE = Automatic;
				CURRENT_PROJECT_VERSION = 1;
				DEVELOPMENT_TEAM = MF59QXM85L;
				ENABLE_PREVIEWS = YES;
				GENERATE_INFOPLIST_FILE = YES;
				INFOPLIST_KEY_UIApplicationSceneManifest_Generation = YES;
				INFOPLIST_KEY_UIApplicationSupportsIndirectInputEvents = YES;
				INFOPLIST_KEY_UILaunchScreen_Generation = YES;
				INFOPLIST_KEY_UISupportedInterfaceOrientations_iPad = "UIInterfaceOrientationPortrait UIInterfaceOrientationPortraitUpsideDown UIInterfaceOrientationLandscapeLeft UIInterfaceOrientationLandscapeRight";
				INFOPLIST_KEY_UISupportedInterfaceOrientations_iPhone = "UIInterfaceOrientationPortrait UIInterfaceOrientationLandscapeLeft UIInterfaceOrientationLandscapeRight";
				LD_RUNPATH_SEARCH_PATHS = (
					"$(inherited)",
					"@executable_path/Frameworks",
				);
				MARKETING_VERSION = 1.0;
				PRODUCT_BUNDLE_IDENTIFIER = com.mario.NOCTO;
				PRODUCT_NAME = "$(TARGET_NAME)";
				STRING_CATALOG_GENERATE_SYMBOLS = YES;
				SWIFT_APPROACHABLE_CONCURRENCY = YES;
				SWIFT_DEFAULT_ACTOR_ISOLATION = MainActor;
				SWIFT_EMIT_LOC_STRINGS = YES;
				SWIFT_UPCOMING_FEATURE_MEMBER_IMPORT_VISIBILITY = YES;
				SWIFT_VERSION = 5.0;
				TARGETED_DEVICE_FAMILY = "1,2";
			};
			name = Release;
		};
/* End XCBuildConfiguration section */

/* Begin XCConfigurationList section */
		B9481C412EEB858500B13953 /* Build configuration list for PBXProject "NOCTO" */ = {
			isa = XCConfigurationList;
			buildConfigurations = (
				B9481C4F2EEB858600B13953 /* Debug */,
				B9481C502EEB858600B13953 /* Release */,
			);
			defaultConfigurationIsVisible = 0;
			defaultConfigurationName = Release;
		};
		B9481C512EEB858600B13953 /* Build configuration list for PBXNativeTarget "NOCTO" */ = {
			isa = XCConfigurationList;
			buildConfigurations = (
				B9481C522EEB858600B13953 /* Debug */,
				B9481C532EEB858600B13953 /* Release */,
			);
			defaultConfigurationIsVisible = 0;
			defaultConfigurationName = Release;
		};
/* End XCConfigurationList section */

/* Begin XCRemoteSwiftPackageReference section */
		B9167C1E2EF2913800E2DBFC /* XCRemoteSwiftPackageReference "firebase-ios-sdk" */ = {
			isa = XCRemoteSwiftPackageReference;
			repositoryURL = "https://github.com/firebase/firebase-ios-sdk";
			requirement = {
				kind = upToNextMajorVersion;
				minimumVersion = 12.7.0;
			};
		};
/* End XCRemoteSwiftPackageReference section */

/* Begin XCSwiftPackageProductDependency section */
		B9167C1F2EF2913800E2DBFC /* FirebaseAnalytics */ = {
			isa = XCSwiftPackageProductDependency;
			package = B9167C1E2EF2913800E2DBFC /* XCRemoteSwiftPackageReference "firebase-ios-sdk" */;
			productName = FirebaseAnalytics;
		};
		B9167C212EF2913800E2DBFC /* FirebaseFirestore */ = {
			isa = XCSwiftPackageProductDependency;
			package = B9167C1E2EF2913800E2DBFC /* XCRemoteSwiftPackageReference "firebase-ios-sdk" */;
			productName = FirebaseFirestore;
		};
/* End XCSwiftPackageProductDependency section */
	};
	rootObject = B9481C3E2EEB858500B13953 /* Project object */;
}
