// !$*UTF8*$!
{
	archiveVersion = 1;
	classes = {
	};
	objectVersion = 77;
	objects = {

/* Begin PBXBuildFile section */
		322AEFB8402B5D38BC9A09B3 /* NOCTOWidgetExtension.appex in Embed App Extensions */ = {isa = PBXBuildFile; fileRef = 0DB023192249A8E459FDE968 /* NOCTOWidgetExtension.appex */; settings = {ATTRIBUTES = (RemoveHeadersOnCopy, ); }; };
		4031DC5FC2207E715A8964A8 /* VisualFixtures.swift in Sources */ = {isa = PBXBuildFile; fileRef = 844F470D249C7674602D3C17 /* VisualFixtures.swift */; };
		5212ED0F204FBB7819510280 /* NoctoAttributes.swift in Sources */ = {isa = PBXBuildFile; fileRef = B9E5C67B2F030001005FA51F /* NoctoAttributes.swift */; };
		5453D6C6E933EBF97742B32C /* LiveActivitySnapshotTests.swift in Sources */ = {isa = PBXBuildFile; fileRef = 6D119CC50D4A65CC1796FAA2 /* LiveActivitySnapshotTests.swift */; };
		6B0E1FDDDFB66A592FAE77E8 /* SnapshotTestCase.swift in Sources */ = {isa = PBXBuildFile; fileRef = E3D705C17264CB994A5D6ECD /* SnapshotTestCase.swift */; };
		8E2C4FF825AADCE07D9A11B2 /* LiveActivitySignalViews.swift in Sources */ = {isa = PBXBuildFile; fileRef = FF98ECE38605E376996AE93B /* LiveActivitySignalViews.swift */; };
		B44900BF6619EC75867643DC /* ScreenSnapshotTests.swift in Sources */ = {isa = PBXBuildFile; fileRef = 8F4410FA18960305D205456C /* ScreenSnapshotTests.swift */; };
		B9167C332EF8A92500E2DBFC /* venues.json in Resources */ = {isa = PBXBuildFile; fileRef = B9167C312EF89DBB00E2DBFC /* venues.json */; };
		B9E5C6572EF95E39005FA51F /* FavoritesManager.swift in Sources */ = {isa = PBXBuildFile; fileRef = B9E5C6492EF95E39005FA51F /* FavoritesManager.swift */; };
		B9E5C6582EF95E39005FA51F /* VenueDetailView.swift in Sources */ = {isa = PBXBuildFile; fileRef = B9E5C6542EF95E39005FA51F /* VenueDetailView.swift */; };
		B9E5C6592EF95E39005FA51F /* NightPulseView.swift in Sources */ = {isa = PBXBuildFile; fileRef = B9E5C64E2EF95E39005FA51F /* NightPulseView.swift */; };
		B9E5C65A2EF95E39005FA51F /* VenueCard.swift in Sources */ = {isa = PBXBuildFile; fileRef = B9E5C6532EF95E39005FA51F /* VenueCard.swift */; };
		B9E5C65B2EF95E39005FA51F /* NoctoTheme.swift in Sources */ = {isa = PBXBuildFile; fileRef = B9E5C6512EF95E39005FA51F /* NoctoTheme.swift */; };
		B9E5C65C2EF95E39005FA51F /* AllVenuesMapView.swift in Sources */ = {isa = PBXBuildFile; fileRef = B9E5C6462EF95E39005FA51F /* AllVenuesMapView.swift */; };
		B9E5C65D2EF95E39005FA51F /* ContentView.swift in Sources */ = {isa = PBXBuildFile; fileRef = B9E5C6482EF95E39005FA51F /* ContentView.swift */; };
		B9E5C65E2EF95E39005FA51F /* HomeView.swift in Sources */ = {isa = PBXBuildFile; fileRef = B9E5C64C2EF95E39005FA51F /* HomeView.swift */; };
		B9E5C65F2EF95E39005FA51F /* FavoritesView.swift in Sources */ = {isa = PBXBuildFile; fileRef = B9E5C64A2EF95E39005FA51F /* FavoritesView.swift */; };
		B9E5C6602EF95E39005FA51F /* AdminDashboardView.swift in Sources */ = {isa = PBXBuildFile; fileRef = B9E5C6452EF95E39005FA51F /* AdminDashboardView.swift */; };
		B9E5C6612EF95E39005FA51F /* NOCTOApp.swift in Sources */ = {isa = PBXBuildFile; fileRef = B9E5C64F2EF95E39005FA51F /* NOCTOApp.swift */; };
		B9E5C6622EF95E39005FA51F /* VenueRepository.swift in Sources */ = {isa = PBXBuildFile; fileRef = B9E5C6552EF95E39005FA51F /* VenueRepository.swift */; };
		B9E5C6632EF95E39005FA51F /* Venue.swift in Sources */ = {isa = PBXBuildFile; fileRef = B9E5C6522EF95E39005FA51F /* Venue.swift */; };
		B9E5C6642EF95E39005FA51F /* LocationManager.swift in Sources */ = {isa = PBXBuildFile; fileRef = B9E5C64D2EF95E39005FA51F /* LocationManager.swift */; };
		B9E5C6672EF95E39005FA51F /* Assets.xcassets in Resources */ = {isa = PBXBuildFile; fileRef = B9E5C6472EF95E39005FA51F /* Assets.xcassets */; };
		B9E5C6692EF9703A005FA51F /* BlurView.swift in Sources */ = {isa = PBXBuildFile; fileRef = B9E5C6682EF9700E005FA51F /* BlurView.swift */; };
		B9E5C66B2EF970D7005FA51F /* MicroFeedback.swift in Sources */ = {isa = PBXBuildFile; fileRef = B9E5C66A2EF970BD005FA51F /* MicroFeedback.swift */; };
		B9E5C66D2EF97782005FA51F /* ParallaxCard.swift in Sources */ = {isa = PBXBuildFile; fileRef = B9E5C66C2EF97778005FA51F /* ParallaxCard.swift */; };
		B9E5C66F2EF97A8E005FA51F /* HeroParallaxCard.swift in Sources */ = {isa = PBXBuildFile; fileRef = B9E5C66E2EF97A7A005FA51F /* HeroParallaxCard.swift */; };
		B9E5C6712EFC7022005FA51F /* Color+Hex.swift in Sources */ = {isa = PBXBuildFile; fileRef = B9E5C6702EFC7017005FA51F /* Color+Hex.swift */; };
		B9E5C6732EFC8C43005FA51F /* Haptics.swift in Sources */ = {isa = PBXBuildFile; fileRef = B9E5C6722EFC8C3E005FA51F /* Haptics.swift */; };
		B9E5C6752F001001005FA51F /* VenueDataSource.swift in Sources */ = {isa = PBXBuildFile; fileRef = B9E5C6772F001001005FA51F /* VenueDataSource.swift */; };
		B9E5C6762F001001005FA51F /* OperationalSnapshot.swift in Sources */ = {isa = PBXBuildFile; fileRef = B9E5C6782F001001005FA51F /* OperationalSnapshot.swift */; };
		B9E5C67A2F020001005FA51F /* ProfileView.swift in Sources */ = {isa = PBXBuildFile; fileRef = B9E5C6792F020001005FA51F /* ProfileView.swift */; };
		B9E5C67D2F030001005FA51F /* NoctoAttributes.swift in Sources */ = {isa = PBXBuildFile; fileRef = B9E5C67B2F030001005FA51F /* NoctoAttributes.swift */; };
		B9E5C67E2F030001005FA51F /* NoctoLiveActivityHandler.swift in Sources */ = {isa = PBXBuildFile; fileRef = B9E5C67C2F030001005FA51F /* NoctoLiveActivityHandler.swift */; };
		C0DE00032F0A000100AAA001 /* NOCTOCore in Frameworks */ = {isa = PBXBuildFile; productRef = C0DE00022F0A000100AAA001 /* NOCTOCore */; };
		C821ED3724108825A03FE113 /* NOCTOLiveActivityWidget.swift in Sources */ = {isa = PBXBuildFile; fileRef = 6080975210EC2F04DAE4B11D /* NOCTOLiveActivityWidget.swift */; };
		EA83B75F781AB87BDD119D8B /* LiveActivitySignalViews.swift in Sources */ = {isa = PBXBuildFile; fileRef = FF98ECE38605E376996AE93B /* LiveActivitySignalViews.swift */; };
/* End PBXBuildFile section */

/* Begin PBXContainerItemProxy section */
		07DE305EFFA1F8009F958388 /* PBXContainerItemProxy */ = {
			isa = PBXContainerItemProxy;
			containerPortal = B9481C3E2EEB858500B13953 /* Project object */;
			proxyType = 1;
			remoteGlobalIDString = B9481C452EEB858500B13953;
			remoteInfo = NOCTO;
		};
		CE47C572AB9B4AD431727409 /* PBXContainerItemProxy */ = {
			isa = PBXContainerItemProxy;
			containerPortal = B9481C3E2EEB858500B13953 /* Project object */;
			proxyType = 1;
			remoteGlobalIDString = F8EF3B568D3FD9F99BA382A8;
			remoteInfo = NOCTOWidgetExtension;
		};
/* End PBXContainerItemProxy section */

/* Begin PBXCopyFilesBuildPhase section */
		01BF440E8D7B446013139A47 /* Embed App Extensions */ = {
			isa = PBXCopyFilesBuildPhase;
			buildActionMask = 2147483647;
			dstPath = "";
			dstSubfolderSpec = 13;
			files = (
				322AEFB8402B5D38BC9A09B3 /* NOCTOWidgetExtension.appex in Embed App Extensions */,
			);
			name = "Embed App Extensions";
			runOnlyForDeploymentPostprocessing = 0;
		};
/* End PBXCopyFilesBuildPhase section */

/* Begin PBXFileReference section */
		0DB023192249A8E459FDE968 /* NOCTOWidgetExtension.appex */ = {isa = PBXFileReference; explicitFileType = "wrapper.app-extension"; includeInIndex = 0; path = NOCTOWidgetExtension.appex; sourceTree = BUILT_PRODUCTS_DIR; };
		6080975210EC2F04DAE4B11D /* NOCTOLiveActivityWidget.swift */ = {isa = PBXFileReference; includeInIndex = 1; lastKnownFileType = sourcecode.swift; path = NOCTOLiveActivityWidget.swift; sourceTree = "<group>"; };
		6D119CC50D4A65CC1796FAA2 /* LiveActivitySnapshotTests.swift */ = {isa = PBXFileReference; includeInIndex = 1; lastKnownFileType = sourcecode.swift; path = LiveActivitySnapshotTests.swift; sourceTree = "<group>"; };
		844F470D249C7674602D3C17 /* VisualFixtures.swift */ = {isa = PBXFileReference; includeInIndex = 1; lastKnownFileType = sourcecode.swift; path = VisualFixtures.swift; sourceTree = "<group>"; };
		867B499BECDBDFCBB71E8090 /* Info.plist */ = {isa = PBXFileReference; includeInIndex = 1; lastKnownFileType = text.plist.xml; path = Info.plist; sourceTree = "<group>"; };
		8F4410FA18960305D205456C /* ScreenSnapshotTests.swift */ = {isa = PBXFileReference; includeInIndex = 1; lastKnownFileType = sourcecode.swift; path = ScreenSnapshotTests.swift; sourceTree = "<group>"; };
		B9167C312EF89DBB00E2DBFC /* venues.json */ = {isa = PBXFileReference; lastKnownFileType = text.json; path = venues.json; sourceTree = "<group>"; };
		B9481C462EEB858500B13953 /* NOCTO.app */ = {isa = PBXFileReference; explicitFileType = wrapper.application; includeInIndex = 0; path = NOCTO.app; sourceTree = BUILT_PRODUCTS_DIR; };
		B9E5C6452EF95E39005FA51F /* AdminDashboardView.swift */ = {isa = PBXFileReference; lastKnownFileType = sourcecode.swift; path = AdminDashboardView.swift; sourceTree = "<group>"; };
		B9E5C6462EF95E39005FA51F /* AllVenuesMapView.swift */ = {isa = PBXFileReference; lastKnownFileType = sourcecode.swift; path = AllVenuesMapView.swift; sourceTree = "<group>"; };
		B9E5C6472EF95E39005FA51F /* Assets.xcassets */ = {isa = PBXFileReference; lastKnownFileType = folder.assetcatalog; path = Assets.xcassets; sourceTree = "<group>"; };
		B9E5C6482EF95E39005FA51F /* ContentView.swift */ = {isa = PBXFileReference; lastKnownFileType = sourcecode.swift; path = ContentView.swift; sourceTree = "<group>"; };
		B9E5C6492EF95E39005FA51F /* FavoritesManager.swift */ = {isa = PBXFileReference; lastKnownFileType = sourcecode.swift; path = FavoritesManager.swift; sourceTree = "<group>"; };
		B9E5C64A2EF95E39005FA51F /* FavoritesView.swift */ = {isa = PBXFileReference; lastKnownFileType = sourcecode.swift; path = FavoritesView.swift; sourceTree = "<group>"; };
		B9E5C64C2EF95E39005FA51F /* HomeView.swift */ = {isa = PBXFileReference; lastKnownFileType = sourcecode.swift; path = HomeView.swift; sourceTree = "<group>"; };
		B9E5C64D2EF95E39005FA51F /* LocationManager.swift */ = {isa = PBXFileReference; lastKnownFileType = sourcecode.swift; path = LocationManager.swift; sourceTree = "<group>"; };
		B9E5C64E2EF95E39005FA51F /* NightPulseView.swift */ = {isa = PBXFileReference; lastKnownFileType = sourcecode.swift; path = NightPulseView.swift; sourceTree = "<group>"; };
		B9E5C64F2EF95E39005FA51F /* NOCTOApp.swift */ = {isa = PBXFileReference; lastKnownFileType = sourcecode.swift; path = NOCTOApp.swift; sourceTree = "<group>"; };
		B9E5C6512EF95E39005FA51F /* NoctoTheme.swift */ = {isa = PBXFileReference; lastKnownFileType = sourcecode.swift; path = NoctoTheme.swift; sourceTree = "<group>"; };
		B9E5C6522EF95E39005FA51F /* Venue.swift */ = {isa = PBXFileReference; lastKnownFileType = sourcecode.swift; path = Venue.swift; sourceTree = "<group>"; };
		B9E5C6532EF95E39005FA51F /* VenueCard.swift */ = {isa = PBXFileReference; lastKnownFileType = sourcecode.swift; path = VenueCard.swift; sourceTree = "<group>"; };
		B9E5C6542EF95E39005FA51F /* VenueDetailView.swift */ = {isa = PBXFileReference; lastKnownFileType = sourcecode.swift; path = VenueDetailView.swift; sourceTree = "<group>"; };
		B9E5C6552EF95E39005FA51F /* VenueRepository.swift */ = {isa = PBXFileReference; lastKnownFileType = sourcecode.swift; path = VenueRepository.swift; sourceTree = "<group>"; };
		B9E5C6682EF9700E005FA51F /* BlurView.swift */ = {isa = PBXFileReference; lastKnownFileType = sourcecode.swift; path = BlurView.swift; sourceTree = "<group>"; };
		B9E5C66A2EF970BD005FA51F /* MicroFeedback.swift */ = {isa = PBXFileReference; lastKnownFileType = sourcecode.swift; path = MicroFeedback.swift; sourceTree = "<group>"; };
		B9E5C66C2EF97778005FA51F /* ParallaxCard.swift */ = {isa = PBXFileReference; lastKnownFileType = sourcecode.swift; path = ParallaxCard.swift; sourceTree = "<group>"; };
		B9E5C66E2EF97A7A005FA51F /* HeroParallaxCard.swift */ = {isa = PBXFileReference; lastKnownFileType = sourcecode.swift; path = HeroParallaxCard.swift; sourceTree = "<group>"; };
		B9E5C6702EFC7017005FA51F /* Color+Hex.swift */ = {isa = PBXFileReference; lastKnownFileType = sourcecode.swift; path = "Color+Hex.swift"; sourceTree = "<group>"; };
		B9E5C6722EFC8C3E005FA51F /* Haptics.swift */ = {isa = PBXFileReference; lastKnownFileType = sourcecode.swift; path = Haptics.swift; sourceTree = "<group>"; };
		B9E5C6772F001001005FA51F /* VenueDataSource.swift */ = {isa = PBXFileReference; lastKnownFileType = sourcecode.swift; path = VenueDataSource.swift; sourceTree = "<group>"; };
		B9E5C6782F001001005FA51F /* OperationalSnapshot.swift */ = {isa = PBXFileReference; lastKnownFileType = sourcecode.swift; path = OperationalSnapshot.swift; sourceTree = "<group>"; };
		B9E5C6792F020001005FA51F /* ProfileView.swift */ = {isa = PBXFileReference; lastKnownFileType = sourcecode.swift; path = ProfileView.swift; sourceTree = "<group>"; };
		B9E5C67B2F030001005FA51F /* NoctoAttributes.swift */ = {isa = PBXFileReference; lastKnownFileType = sourcecode.swift; path = NoctoAttributes.swift; sourceTree = "<group>"; };
		B9E5C67C2F030001005FA51F /* NoctoLiveActivityHandler.swift */ = {isa = PBXFileReference; lastKnownFileType = sourcecode.swift; path = NoctoLiveActivityHandler.swift; sourceTree = "<group>"; };
		E3D705C17264CB994A5D6ECD /* SnapshotTestCase.swift */ = {isa = PBXFileReference; includeInIndex = 1; lastKnownFileType = sourcecode.swift; path = SnapshotTestCase.swift; sourceTree = "<group>"; };
		F494849DDA3D18056B26211D /* NOCTOUITests.xctest */ = {isa = PBXFileReference; explicitFileType = wrapper.cfbundle; includeInIndex = 0; path = NOCTOUITests.xctest; sourceTree = BUILT_PRODUCTS_DIR; };
		FF98ECE38605E376996AE93B /* LiveActivitySignalViews.swift */ = {isa = PBXFileReference; includeInIndex = 1; lastKnownFileType = sourcecode.swift; path = LiveActivitySignalViews.swift; sourceTree = "<group>"; };
/* End PBXFileReference section */

/* Begin PBXFrameworksBuildPhase section */
		407F965646C86524CEC6F02B /* Frameworks */ = {
			isa = PBXFrameworksBuildPhase;
			buildActionMask = 2147483647;
			files = (
			);
			runOnlyForDeploymentPostprocessing = 0;
		};
		930FA08A189C4E611F314B31 /* Frameworks */ = {
			isa = PBXFrameworksBuildPhase;
			buildActionMask = 2147483647;
			files = (
			);
			runOnlyForDeploymentPostprocessing = 0;
		};
		B9481C432EEB858500B13953 /* Frameworks */ = {
			isa = PBXFrameworksBuildPhase;
			buildActionMask = 2147483647;
			files = (
				C0DE00032F0A000100AAA001 /* NOCTOCore in Frameworks */,
			);
			runOnlyForDeploymentPostprocessing = 0;
		};
/* End PBXFrameworksBuildPhase section */

/* Begin PBXGroup section */
		55D1B5F76190187B24FFA27D /* NOCTOWidgetExtension */ = {
			isa = PBXGroup;
			children = (
				6080975210EC2F04DAE4B11D /* NOCTOLiveActivityWidget.swift */,
				867B499BECDBDFCBB71E8090 /* Info.plist */,
			);
			name = NOCTOWidgetExtension;
			path = NOCTOWidgetExtension;
			sourceTree = "<group>";
		};
		B9481C3D2EEB858500B13953 = {
			isa = PBXGroup;
			children = (
				B9E5C6562EF95E39005FA51F /* NOCTO */,
				B9167C312EF89DBB00E2DBFC /* venues.json */,
				B9481C472EEB858500B13953 /* Products */,
				55D1B5F76190187B24FFA27D /* NOCTOWidgetExtension */,
				C532FB832EC5C54A77122E15 /* NOCTOUITests */,
			);
			sourceTree = "<group>";
		};
		B9481C472EEB858500B13953 /* Products */ = {
			isa = PBXGroup;
			children = (
				B9481C462EEB858500B13953 /* NOCTO.app */,
				0DB023192249A8E459FDE968 /* NOCTOWidgetExtension.appex */,
				F494849DDA3D18056B26211D /* NOCTOUITests.xctest */,
			);
			name = Products;
			sourceTree = "<group>";
		};
		B9E5C6562EF95E39005FA51F /* NOCTO */ = {
			isa = PBXGroup;
			children = (
				B9E5C6722EFC8C3E005FA51F /* Haptics.swift */,
				B9E5C6702EFC7017005FA51F /* Color+Hex.swift */,
				B9E5C66E2EF97A7A005FA51F /* HeroParallaxCard.swift */,
				B9E5C66C2EF97778005FA51F /* ParallaxCard.swift */,
				B9E5C66A2EF970BD005FA51F /* MicroFeedback.swift */,
				B9E5C6682EF9700E005FA51F /* BlurView.swift */,
				B9E5C6452EF95E39005FA51F /* AdminDashboardView.swift */,
				B9E5C6462EF95E39005FA51F /* AllVenuesMapView.swift */,
				B9E5C6472EF95E39005FA51F /* Assets.xcassets */,
				B9E5C6482EF95E39005FA51F /* ContentView.swift */,
				B9E5C6782F001001005FA51F /* OperationalSnapshot.swift */,
				B9E5C6492EF95E39005FA51F /* FavoritesManager.swift */,
				B9E5C64A2EF95E39005FA51F /* FavoritesView.swift */,
				B9E5C64C2EF95E39005FA51F /* HomeView.swift */,
				B9E5C64D2EF95E39005FA51F /* LocationManager.swift */,
				B9E5C64E2EF95E39005FA51F /* NightPulseView.swift */,
				B9E5C64F2EF95E39005FA51F /* NOCTOApp.swift */,
				B9E5C6512EF95E39005FA51F /* NoctoTheme.swift */,
				B9E5C67B2F030001005FA51F /* NoctoAttributes.swift */,
				B9E5C67C2F030001005FA51F /* NoctoLiveActivityHandler.swift */,
				B9E5C6792F020001005FA51F /* ProfileView.swift */,
				B9E5C6522EF95E39005FA51F /* Venue.swift */,
				B9E5C6532EF95E39005FA51F /* VenueCard.swift */,
				B9E5C6542EF95E39005FA51F /* VenueDetailView.swift */,
				B9E5C6772F001001005FA51F /* VenueDataSource.swift */,
				B9E5C6552EF95E39005FA51F /* VenueRepository.swift */,
				FF98ECE38605E376996AE93B /* LiveActivitySignalViews.swift */,
			);
			path = NOCTO;
			sourceTree = "<group>";
		};
		C532FB832EC5C54A77122E15 /* NOCTOUITests */ = {
			isa = PBXGroup;
			children = (
				E3D705C17264CB994A5D6ECD /* SnapshotTestCase.swift */,
				844F470D249C7674602D3C17 /* VisualFixtures.swift */,
				8F4410FA18960305D205456C /* ScreenSnapshotTests.swift */,
				6D119CC50D4A65CC1796FAA2 /* LiveActivitySnapshotTests.swift */,
				DC5F79DB0C9F0667ED764C17 /* __Snapshots__ */,
			);
			name = NOCTOUITests;
			path = NOCTOUITests;
			sourceTree = "<group>";
		};
		DC5F79DB0C9F0667ED764C17 /* __Snapshots__ */ = {
			isa = PBXGroup;
			children = (
			);
			name = __Snapshots__;
			path = __Snapshots__;
			sourceTree = "<group>";
		};
/* End PBXGroup section */

/* Begin PBXNativeTarget section */
		B9481C452EEB858500B13953 /* NOCTO */ = {
			isa = PBXNativeTarget;
			buildConfigurationList = B9481C512EEB858600B13953 /* Build configuration list for PBXNativeTarget "NOCTO" */;
			buildPhases = (
				B9481C422EEB858500B13953 /* Sources */,
				B9481C432EEB858500B13953 /* Frameworks */,
				B9481C442EEB858500B13953 /* Resources */,
				01BF440E8D7B446013139A47 /* Embed App Extensions */,
			);
			buildRules = (
			);
			dependencies = (
				5A91562F79835B4DA4EC0C68 /* PBXTargetDependency */,
			);
			name = NOCTO;
			packageProductDependencies = (
				C0DE00022F0A000100AAA001 /* NOCTOCore */,
			);
			productName = NOCTO;
			productReference = B9481C462EEB858500B13953 /* NOCTO.app */;
			productType = "com.apple.product-type.application";
		};
		D2A3B784B07C51C86C2D734C /* NOCTOUITests */ = {
			isa = PBXNativeTarget;
			buildConfigurationList = D3DE8FE5D826B107CD6C2E5A /* Build configuration list for PBXNativeTarget "NOCTOUITests" */;
			buildPhases = (
				C71B563D8EB767F89970009A /* Sources */,
				930FA08A189C4E611F314B31 /* Frameworks */,
				5BE18FA4983D8A6577101DBE /* Resources */,
			);
			buildRules = (
			);
			dependencies = (
				4C2D5C918A688B2298EB4F80 /* PBXTargetDependency */,
			);
			name = NOCTOUITests;
			productName = NOCTOUITests;
			productReference = F494849DDA3D18056B26211D /* NOCTOUITests.xctest */;
			productType = "com.apple.product-type.bundle.unit-test";
		};
		F8EF3B568D3FD9F99BA382A8 /* NOCTOWidgetExtension */ = {
			isa = PBXNativeTarget;
			buildConfigurationList = 85691C44F43847BEFD6485F0 /* Build configuration list for PBXNativeTarget "NOCTOWidgetExtension" */;
			buildPhases = (
				DD4A1897DC6BB89E0E513A9B /* Sources */,
				407F965646C86524CEC6F02B /* Frameworks */,
				641F8F12500B8DCD92DBBF0A /* Resources */,
			);
			buildRules = (
			);
			dependencies = (
			);
			name = NOCTOWidgetExtension;
			productName = NOCTOWidgetExtension;
			productReference = 0DB023192249A8E459FDE968 /* NOCTOWidgetExtension.appex */;
			productType = "com.apple.product-type.app-extension";
		};
/* End PBXNativeTarget section */

/* Begin PBXProject section */
		B9481C3E2EEB858500B13953 /* Project object */ = {
			isa = PBXProject;
			attributes = {
				BuildIndependentTargetsInParallel = 1;
				LastSwiftUpdateCheck = 2610;
				LastUpgradeCheck = 2610;
				TargetAttributes = {
					B9481C452EEB858500B13953 = {
						CreatedOnToolsVersion = 26.1.1;
					};
					D2A3B784B07C51C86C2D734C = {
						CreatedOnToolsVersion = 26.1.1;
						TestTargetID = B9481C452EEB858500B13953;
					};
				};
			};
			buildConfigurationList = B9481C412EEB858500B13953 /* Build configuration list for PBXProject "NOCTO" */;
			developmentRegion = en;
			hasScannedForEncodings = 0;
			knownRegions = (
				en,
				Base,
			);
			mainGroup = B9481C3D2EEB858500B13953;
			minimizedProjectReferenceProxies = 1;
			packageReferences = (
				C0DE00012F0A000100AAA001 /* XCLocalSwiftPackageReference "." */,
			);
			preferredProjectObjectVersion = 77;
			productRefGroup = B9481C472EEB858500B13953 /* Products */;
			projectDirPath = "";
			projectRoot = "";
			targets = (
				B9481C452EEB858500B13953 /* NOCTO */,
				F8EF3B568D3FD9F99BA382A8 /* NOCTOWidgetExtension */,
				D2A3B784B07C51C86C2D734C /* NOCTOUITests */,
			);
		};
/* End PBXProject section */

/* Begin PBXResourcesBuildPhase section */
		5BE18FA4983D8A6577101DBE /* Resources */ = {
			isa = PBXResourcesBuildPhase;
			buildActionMask = 2147483647;
			files = (
			);
			runOnlyForDeploymentPostprocessing = 0;
		};
		641F8F12500B8DCD92DBBF0A /* Resources */ = {
			isa = PBXResourcesBuildPhase;
			buildActionMask = 2147483647;
			files = (
			);
			runOnlyForDeploymentPostprocessing = 0;
		};
		B9481C442EEB858500B13953 /* Resources */ = {
			isa = PBXResourcesBuildPhase;
			buildActionMask = 2147483647;
			files = (
				B9167C332EF8A92500E2DBFC /* venues.json in Resources */,
				B9E5C6672EF95E39005FA51F /* Assets.xcassets in Resources */,
			);
			runOnlyForDeploymentPostprocessing = 0;
		};
/* End PBXResourcesBuildPhase section */

/* Begin PBXSourcesBuildPhase section */
		B9481C422EEB858500B13953 /* Sources */ = {
			isa = PBXSourcesBuildPhase;
			buildActionMask = 2147483647;
			files = (
				B9E5C6732EFC8C43005FA51F /* Haptics.swift in Sources */,
				B9E5C6572EF95E39005FA51F /* FavoritesManager.swift in Sources */,
				B9E5C6582EF95E39005FA51F /* VenueDetailView.swift in Sources */,
				B9E5C6592EF95E39005FA51F /* NightPulseView.swift in Sources */,
				B9E5C66B2EF970D7005FA51F /* MicroFeedback.swift in Sources */,
				B9E5C6712EFC7022005FA51F /* Color+Hex.swift in Sources */,
				B9E5C66F2EF97A8E005FA51F /* HeroParallaxCard.swift in Sources */,
				B9E5C65A2EF95E39005FA51F /* VenueCard.swift in Sources */,
				B9E5C65B2EF95E39005FA51F /* NoctoTheme.swift in Sources */,
				B9E5C65C2EF95E39005FA51F /* AllVenuesMapView.swift in Sources */,
				B9E5C67D2F030001005FA51F /* NoctoAttributes.swift in Sources */,
				B9E5C65D2EF95E39005FA51F /* ContentView.swift in Sources */,
				B9E5C6762F001001005FA51F /* OperationalSnapshot.swift in Sources */,
				B9E5C65E2EF95E39005FA51F /* HomeView.swift in Sources */,
				B9E5C66D2EF97782005FA51F /* ParallaxCard.swift in Sources */,
				B9E5C6692EF9703A005FA51F /* BlurView.swift in Sources */,
				B9E5C65F2EF95E39005FA51F /* FavoritesView.swift in Sources */,
				B9E5C67E2F030001005FA51F /* NoctoLiveActivityHandler.swift in Sources */,
				B9E5C6602EF95E39005FA51F /* AdminDashboardView.swift in Sources */,
				B9E5C67A2F020001005FA51F /* ProfileView.swift in Sources */,
				B9E5C6612EF95E39005FA51F /* NOCTOApp.swift in Sources */,
				B9E5C6752F001001005FA51F /* VenueDataSource.swift in Sources */,
				B9E5C6622EF95E39005FA51F /* VenueRepository.swift in Sources */,
				B9E5C6632EF95E39005FA51F /* Venue.swift in Sources */,
				B9E5C6642EF95E39005FA51F /* LocationManager.swift in Sources */,
				EA83B75F781AB87BDD119D8B /* LiveActivitySignalViews.swift in Sources */,
			);
			runOnlyForDeploymentPostprocessing = 0;
		};
		C71B563D8EB767F89970009A /* Sources */ = {
			isa = PBXSourcesBuildPhase;
			buildActionMask = 2147483647;
			files = (
				6B0E1FDDDFB66A592FAE77E8 /* SnapshotTestCase.swift in Sources */,
				4031DC5FC2207E715A8964A8 /* VisualFixtures.swift in Sources */,
				B44900BF6619EC75867643DC /* ScreenSnapshotTests.swift in Sources */,
				5453D6C6E933EBF97742B32C /* LiveActivitySnapshotTests.swift in Sources */,
			);
			runOnlyForDeploymentPostprocessing = 0;
		};
		DD4A1897DC6BB89E0E513A9B /* Sources */ = {
			isa = PBXSourcesBuildPhase;
			buildActionMask = 2147483647;
			files = (
				C821ED3724108825A03FE113 /* NOCTOLiveActivityWidget.swift in Sources */,
				5212ED0F204FBB7819510280 /* NoctoAttributes.swift in Sources */,
				8E2C4FF825AADCE07D9A11B2 /* LiveActivitySignalViews.swift in Sources */,
			);
			runOnlyForDeploymentPostprocessing = 0;
		};
/* End PBXSourcesBuildPhase section */

/* Begin PBXTargetDependency section */
		4C2D5C918A688B2298EB4F80 /* PBXTargetDependency */ = {
			isa = PBXTargetDependency;
			name = NOCTO;
			target = B9481C452EEB858500B13953 /* NOCTO */;
			targetProxy = 07DE305EFFA1F8009F958388 /* PBXContainerItemProxy */;
		};
		5A91562F79835B4DA4EC0C68 /* PBXTargetDependency */ = {
			isa = PBXTargetDependency;
			name = NOCTOWidgetExtension;
			target = F8EF3B568D3FD9F99BA382A8 /* NOCTOWidgetExtension */;
			targetProxy = CE47C572AB9B4AD431727409 /* PBXContainerItemProxy */;
		};
/* End PBXTargetDependency section */

/* Begin XCBuildConfiguration section */
		453E7878114BE318B9F04878 /* Debug */ = {
			isa = XCBuildConfiguration;
			buildSettings = {
				BUNDLE_LOADER = "$(TEST_HOST)";
				CLANG_ENABLE_OBJC_WEAK = YES;
				CODE_SIGN_STYLE = Automatic;
				DEVELOPMENT_TEAM = MF59QXM85L;
				GENERATE_INFOPLIST_FILE = YES;
				IPHONEOS_DEPLOYMENT_TARGET = 17.0;
				PRODUCT_BUNDLE_IDENTIFIER = com.mario.NOCTO.UITests;
				PRODUCT_NAME = "$(TARGET_NAME)";
				SWIFT_ACTIVE_COMPILATION_CONDITIONS = "DEBUG $(inherited)";
				SWIFT_VERSION = 5.0;
				TARGETED_DEVICE_FAMILY = "1,2";
				TEST_HOST = "$(BUILT_PRODUCTS_DIR)/NOCTO.app/NOCTO";
				TEST_TARGET_NAME = NOCTO;
			};
			name = Debug;
		};
		64F696E40A3658604980D50F /* Release */ = {
			isa = XCBuildConfiguration;
			buildSettings = {
				APPLICATION_EXTENSION_API_ONLY = YES;
				CLANG_ENABLE_OBJC_WEAK = YES;
				CODE_SIGN_STYLE = Automatic;
				CURRENT_PROJECT_VERSION = 1;
				DEVELOPMENT_TEAM = MF59QXM85L;
				GENERATE_INFOPLIST_FILE = NO;
				INFOPLIST_FILE = NOCTOWidgetExtension/Info.plist;
				IPHONEOS_DEPLOYMENT_TARGET = 17.0;
				LD_RUNPATH_SEARCH_PATHS = (
					"$(inherited)",
					"@executable_path/Frameworks",
					"@executable_path/../../Frameworks",
				);
				MARKETING_VERSION = 1.0;
				PRODUCT_BUNDLE_IDENTIFIER = com.mario.NOCTO.WidgetExtension;
				PRODUCT_NAME = "$(TARGET_NAME)";
				SDKROOT = iphoneos;
				SKIP_INSTALL = YES;
				SWIFT_VERSION = 5.0;
				TARGETED_DEVICE_FAMILY = 1;
				VALIDATE_PRODUCT = YES;
			};
			name = Release;
		};
		7DFCB810F8AE7A7D8CAC1212 /* Release */ = {
			isa = XCBuildConfiguration;
			buildSettings = {
				BUNDLE_LOADER = "$(TEST_HOST)";
				CLANG_ENABLE_OBJC_WEAK = YES;
				CODE_SIGN_STYLE = Automatic;
				DEVELOPMENT_TEAM = MF59QXM85L;
				GENERATE_INFOPLIST_FILE = YES;
				IPHONEOS_DEPLOYMENT_TARGET = 17.0;
				PRODUCT_BUNDLE_IDENTIFIER = com.mario.NOCTO.UITests;
				PRODUCT_NAME = "$(TARGET_NAME)";
				SWIFT_VERSION = 5.0;
				TARGETED_DEVICE_FAMILY = "1,2";
				TEST_HOST = "$(BUILT_PRODUCTS_DIR)/NOCTO.app/NOCTO";
				TEST_TARGET_NAME = NOCTO;
				VALIDATE_PRODUCT = YES;
			};
			name = Release;
		};
		B50E52022E1DF79F7D1599B0 /* Debug */ = {
			isa = XCBuildConfiguration;
			buildSettings = {
				APPLICATION_EXTENSION_API_ONLY = YES;
				CLANG_ENABLE_OBJC_WEAK = YES;
				CODE_SIGN_STYLE = Automatic;
				CURRENT_PROJECT_VERSION = 1;
				DEVELOPMENT_TEAM = MF59QXM85L;
				GENERATE_INFOPLIST_FILE = NO;
				INFOPLIST_FILE = NOCTOWidgetExtension/Info.plist;
				IPHONEOS_DEPLOYMENT_TARGET = 17.0;
				LD_RUNPATH_SEARCH_PATHS = (
					"$(inherited)",
					"@executable_path/Frameworks",
					"@executable_path/../../Frameworks",
				);
				MARKETING_VERSION = 1.0;
				PRODUCT_BUNDLE_IDENTIFIER = com.mario.NOCTO.WidgetExtension;
				PRODUCT_NAME = "$(TARGET_NAME)";
				SDKROOT = iphoneos;
				SKIP_INSTALL = YES;
				SWIFT_VERSION = 5.0;
				TARGETED_DEVICE_FAMILY = 1;
			};
			name = Debug;
		};
		B9481C4F2EEB858600B13953 /* Debug */ = {
			isa = XCBuildConfiguration;
			buildSettings = {
				ALWAYS_SEARCH_USER_PATHS = NO;
				ASSETCATALOG_COMPILER_GENERATE_SWIFT_ASSET_SYMBOL_EXTENSIONS = YES;
				CLANG_ANALYZER_NONNULL = YES;
				CLANG_ANALYZER_NUMBER_OBJECT_CONVERSION = YES_AGGRESSIVE;
				CLANG_CXX_LANGUAGE_STANDARD = "gnu++20";
				CLANG_ENABLE_MODULES = YES;
				CLANG_ENABLE_OBJC_ARC = YES;
				CLANG_ENABLE_OBJC_WEAK = YES;
				CLANG_WARN_BLOCK_CAPTURE_AUTORELEASING = YES;
				CLANG_WARN_BOOL_CONVERSION = YES;
				CLANG_WARN_COMMA = YES;
				CLANG_WARN_CONSTANT_CONVERSION = YES;
				CLANG_WARN_DEPRECATED_OBJC_IMPLEMENTATIONS = YES;
				CLANG_WARN_DIRECT_OBJC_ISA_USAGE = YES_ERROR;
				CLANG_WARN_DOCUMENTATION_COMMENTS = YES;
				CLANG_WARN_EMPTY_BODY = YES;
				CLANG_WARN_ENUM_CONVERSION = YES;
				CLANG_WARN_INFINITE_RECURSION = YES;
				CLANG_WARN_INT_CONVERSION = YES;
				CLANG_WARN_NON_LITERAL_NULL_CONVERSION = YES;
				CLANG_WARN_OBJC_IMPLICIT_RETAIN_SELF = YES;
				CLANG_WARN_OBJC_LITERAL_CONVERSION = YES;
				CLANG_WARN_OBJC_ROOT_CLASS = YES_ERROR;
				CLANG_WARN_QUOTED_INCLUDE_IN_FRAMEWORK_HEADER = YES;
				CLANG_WARN_RANGE_LOOP_ANALYSIS = YES;
				CLANG_WARN_STRICT_PROTOTYPES = YES;
				CLANG_WARN_SUSPICIOUS_MOVE = YES;
				CLANG_WARN_UNGUARDED_AVAILABILITY = YES_AGGRESSIVE;
				CLANG_WARN_UNREACHABLE_CODE = YES;
				CLANG_WARN__DUPLICATE_METHOD_MATCH = YES;
				COPY_PHASE_STRIP = NO;
				DEBUG_INFORMATION_FORMAT = dwarf;
				DEVELOPMENT_TEAM = MF59QXM85L;
				ENABLE_STRICT_OBJC_MSGSEND = YES;
				ENABLE_TESTABILITY = YES;
				ENABLE_USER_SCRIPT_SANDBOXING = YES;
				GCC_C_LANGUAGE_STANDARD = gnu17;
				GCC_DYNAMIC_NO_PIC = NO;
				GCC_NO_COMMON_BLOCKS = YES;
				GCC_OPTIMIZATION_LEVEL = 0;
				GCC_PREPROCESSOR_DEFINITIONS = (
					"DEBUG=1",
					"$(inherited)",
				);
				GCC_WARN_64_TO_32_BIT_CONVERSION = YES;
				GCC_WARN_ABOUT_RETURN_TYPE = YES_ERROR;
				GCC_WARN_UNDECLARED_SELECTOR = YES;
				GCC_WARN_UNINITIALIZED_AUTOS = YES_AGGRESSIVE;
				GCC_WARN_UNUSED_FUNCTION = YES;
				GCC_WARN_UNUSED_VARIABLE = YES;
				INFOPLIST_KEY_NSSupportsLiveActivities = YES;
				IPHONEOS_DEPLOYMENT_TARGET = 17.0;
				LOCALIZATION_PREFERS_STRING_CATALOGS = YES;
				MTL_ENABLE_DEBUG_INFO = INCLUDE_SOURCE;
				MTL_FAST_MATH = YES;
				ONLY_ACTIVE_ARCH = YES;
				SDKROOT = iphoneos;
				SWIFT_ACTIVE_COMPILATION_CONDITIONS = "DEBUG $(inherited)";
				SWIFT_OPTIMIZATION_LEVEL = "-Onone";
			};
			name = Debug;
		};
		B9481C502EEB858600B13953 /* Release */ = {
			isa = XCBuildConfiguration;
			buildSettings = {
				ALWAYS_SEARCH_USER_PATHS = NO;
				ASSETCATALOG_COMPILER_GENERATE_SWIFT_ASSET_SYMBOL_EXTENSIONS = YES;
				CLANG_ANALYZER_NONNULL = YES;
				CLANG_ANALYZER_NUMBER_OBJECT_CONVERSION = YES_AGGRESSIVE;
				CLANG_CXX_LANGUAGE_STANDARD = "gnu++20";
				CLANG_ENABLE_MODULES = YES;
				CLANG_ENABLE_OBJC_ARC = YES;
				CLANG_ENABLE_OBJC_WEAK = YES;
				CLANG_WARN_BLOCK_CAPTURE_AUTORELEASING = YES;
				CLANG_WARN_BOOL_CONVERSION = YES;
				CLANG_WARN_COMMA = YES;
				CLANG_WARN_CONSTANT_CONVERSION = YES;
				CLANG_WARN_DEPRECATED_OBJC_IMPLEMENTATIONS = YES;
				CLANG_WARN_DIRECT_OBJC_ISA_USAGE = YES_ERROR;
				CLANG_WARN_DOCUMENTATION_COMMENTS = YES;
				CLANG_WARN_EMPTY_BODY = YES;
				CLANG_WARN_ENUM_CONVERSION = YES;
				CLANG_WARN_INFINITE_RECURSION = YES;
				CLANG_WARN_INT_CONVERSION = YES;
				CLANG_WARN_NON_LITERAL_NULL_CONVERSION = YES;
				CLANG_WARN_OBJC_IMPLICIT_RETAIN_SELF = YES;
				CLANG_WARN_OBJC_LITERAL_CONVERSION = YES;
				CLANG_WARN_OBJC_ROOT_CLASS = YES_ERROR;
				CLANG_WARN_QUOTED_INCLUDE_IN_FRAMEWORK_HEADER = YES;
				CLANG_WARN_RANGE_LOOP_ANALYSIS = YES;
				CLANG_WARN_STRICT_PROTOTYPES = YES;
				CLANG_WARN_SUSPICIOUS_MOVE = YES;
				CLANG_WARN_UNGUARDED_AVAILABILITY = YES_AGGRESSIVE;
				CLANG_WARN_UNREACHABLE_CODE = YES;
				CLANG_WARN__DUPLICATE_METHOD_MATCH = YES;
				COPY_PHASE_STRIP = NO;
				DEBUG_INFORMATION_FORMAT = "dwarf-with-dsym";
				DEVELOPMENT_TEAM = MF59QXM85L;
				ENABLE_NS_ASSERTIONS = NO;
				ENABLE_STRICT_OBJC_MSGSEND = YES;
				ENABLE_USER_SCRIPT_SANDBOXING = YES;
				GCC_C_LANGUAGE_STANDARD = gnu17;
				GCC_NO_COMMON_BLOCKS = YES;
				GCC_WARN_64_TO_32_BIT_CONVERSION = YES;
				GCC_WARN_ABOUT_RETURN_TYPE = YES_ERROR;
				GCC_WARN_UNDECLARED_SELECTOR = YES;
				GCC_WARN_UNINITIALIZED_AUTOS = YES_AGGRESSIVE;
				GCC_WARN_UNUSED_FUNCTION = YES;
				GCC_WARN_UNUSED_VARIABLE = YES;
				INFOPLIST_KEY_NSSupportsLiveActivities = YES;
				IPHONEOS_DEPLOYMENT_TARGET = 17.0;
				LOCALIZATION_PREFERS_STRING_CATALOGS = YES;
				MTL_ENABLE_DEBUG_INFO = NO;
				MTL_FAST_MATH = YES;
				SDKROOT = iphoneos;
				SWIFT_COMPILATION_MODE = wholemodule;
				VALIDATE_PRODUCT = YES;
			};
			name = Release;
		};
		B9481C522EEB858600B13953 /* Debug */ = {
			isa = XCBuildConfiguration;
			buildSettings = {
				ASSETCATALOG_COMPILER_APPICON_NAME = AppIcon;
				ASSETCATALOG_COMPILER_GLOBAL_ACCENT_COLOR_NAME = AccentColor;
				CODE_SIGN_STYLE = Automatic;
				CURRENT_PROJECT_VERSION = 1;
				DEVELOPMENT_TEAM = MF59QXM85L;
				ENABLE_PREVIEWS = YES;
				GENERATE_INFOPLIST_FILE = YES;
				INFOPLIST_KEY_NSLocationWhenInUseUsageDescription = "NOCTO uses your location to surface nearby venues and improve local recommendations.";
				INFOPLIST_KEY_UIApplicationSceneManifest_Generation = YES;
				INFOPLIST_KEY_UIApplicationSupportsIndirectInputEvents = YES;
				INFOPLIST_KEY_UILaunchScreen_Generation = YES;
				INFOPLIST_KEY_UISupportedInterfaceOrientations_iPad = "UIInterfaceOrientationPortrait UIInterfaceOrientationPortraitUpsideDown UIInterfaceOrientationLandscapeLeft UIInterfaceOrientationLandscapeRight";
				INFOPLIST_KEY_UISupportedInterfaceOrientations_iPhone = "UIInterfaceOrientationPortrait UIInterfaceOrientationLandscapeLeft UIInterfaceOrientationLandscapeRight";
				LD_RUNPATH_SEARCH_PATHS = (
					"$(inherited)",
					"@executable_path/Frameworks",
				);
				MARKETING_VERSION = 1.0;
				PRODUCT_BUNDLE_IDENTIFIER = com.mario.NOCTO;
				PRODUCT_NAME = "$(TARGET_NAME)";
				STRING_CATALOG_GENERATE_SYMBOLS = YES;
				SWIFT_APPROACHABLE_CONCURRENCY = YES;
				SWIFT_DEFAULT_ACTOR_ISOLATION = MainActor;
				SWIFT_EMIT_LOC_STRINGS = YES;
				SWIFT_UPCOMING_FEATURE_MEMBER_IMPORT_VISIBILITY = YES;
				SWIFT_VERSION = 5.0;
				TARGETED_DEVICE_FAMILY = "1,2";
			};
			name = Debug;
		};
		B9481C532EEB858600B13953 /* Release */ = {
			isa = XCBuildConfiguration;
			buildSettings = {
				ASSETCATALOG_COMPILER_APPICON_NAME = AppIcon;
				ASSETCATALOG_COMPILER_GLOBAL_ACCENT_COLOR_NAME = AccentColor;
				CODE_SIGN_STYLE = Automatic;
				CURRENT_PROJECT_VERSION = 1;
				DEVELOPMENT_TEAM = MF59QXM85L;
				ENABLE_PREVIEWS = YES;
				GENERATE_INFOPLIST_FILE = YES;
				INFOPLIST_KEY_NSLocationWhenInUseUsageDescription = "NOCTO uses your location to surface nearby venues and improve local recommendations.";
				INFOPLIST_KEY_UIApplicationSceneManifest_Generation = YES;
				INFOPLIST_KEY_UIApplicationSupportsIndirectInputEvents = YES;
				INFOPLIST_KEY_UILaunchScreen_Generation = YES;
				INFOPLIST_KEY_UISupportedInterfaceOrientations_iPad = "UIInterfaceOrientationPortrait UIInterfaceOrientationPortraitUpsideDown UIInterfaceOrientationLandscapeLeft UIInterfaceOrientationLandscapeRight";
				INFOPLIST_KEY_UISupportedInterfaceOrientations_iPhone = "UIInterfaceOrientationPortrait UIInterfaceOrientationLandscapeLeft UIInterfaceOrientationLandscapeRight";
				LD_RUNPATH_SEARCH_PATHS = (
					"$(inherited)",
					"@executable_path/Frameworks",
				);
				MARKETING_VERSION = 1.0;
				PRODUCT_BUNDLE_IDENTIFIER = com.mario.NOCTO;
				PRODUCT_NAME = "$(TARGET_NAME)";
				STRING_CATALOG_GENERATE_SYMBOLS = YES;
				SWIFT_APPROACHABLE_CONCURRENCY = YES;
				SWIFT_DEFAULT_ACTOR_ISOLATION = MainActor;
				SWIFT_EMIT_LOC_STRINGS = YES;
				SWIFT_UPCOMING_FEATURE_MEMBER_IMPORT_VISIBILITY = YES;
				SWIFT_VERSION = 5.0;
				TARGETED_DEVICE_FAMILY = "1,2";
			};
			name = Release;
		};
/* End XCBuildConfiguration section */

/* Begin XCConfigurationList section */
		85691C44F43847BEFD6485F0 /* Build configuration list for PBXNativeTarget "NOCTOWidgetExtension" */ = {
			isa = XCConfigurationList;
			buildConfigurations = (
				64F696E40A3658604980D50F /* Release */,
				B50E52022E1DF79F7D1599B0 /* Debug */,
			);
			defaultConfigurationIsVisible = 0;
			defaultConfigurationName = Release;
		};
		B9481C412EEB858500B13953 /* Build configuration list for PBXProject "NOCTO" */ = {
			isa = XCConfigurationList;
			buildConfigurations = (
				B9481C4F2EEB858600B13953 /* Debug */,
				B9481C502EEB858600B13953 /* Release */,
			);
			defaultConfigurationIsVisible = 0;
			defaultConfigurationName = Release;
		};
		B9481C512EEB858600B13953 /* Build configuration list for PBXNativeTarget "NOCTO" */ = {
			isa = XCConfigurationList;
			buildConfigurations = (
				B9481C522EEB858600B13953 /* Debug */,
				B9481C532EEB858600B13953 /* Release */,
			);
			defaultConfigurationIsVisible = 0;
			defaultConfigurationName = Release;
		};
		D3DE8FE5D826B107CD6C2E5A /* Build configuration list for PBXNativeTarget "NOCTOUITests" */ = {
			isa = XCConfigurationList;
			buildConfigurations = (
				7DFCB810F8AE7A7D8CAC1212 /* Release */,
				453E7878114BE318B9F04878 /* Debug */,
			);
			defaultConfigurationIsVisible = 0;
			defaultConfigurationName = Release;
		};
/* End XCConfigurationList section */

/* Begin XCLocalSwiftPackageReference section */
		C0DE00012F0A000100AAA001 /* XCLocalSwiftPackageReference "." */ = {
			isa = XCLocalSwiftPackageReference;
			relativePath = ".";
		};
/* End XCLocalSwiftPackageReference section */

/* Begin XCSwiftPackageProductDependency section */
		C0DE00022F0A000100AAA001 /* NOCTOCore */ = {
			isa = XCSwiftPackageProductDependency;
			package = C0DE00012F0A000100AAA001 /* XCLocalSwiftPackageReference "." */;
			productName = NOCTOCore;
		};
/* End XCSwiftPackageProductDependency section */
	};
	rootObject = B9481C3E2EEB858500B13953 /* Project object */;
}
